
Microsoft Visual Studio Solution File, Format Version 12.00
# Visual Studio Version 16
VisualStudioVersion = 16.0.28917.181
MinimumVisualStudioVersion = 10.0.40219.1
Project("{9A19103F-16F7-4668-BE54-9A1E7A4F7556}") = "BasilX", "BasilX\BasilX.csproj", "{D05651FE-3AD0-47C0-B2DC-370FC9F702B2}"
EndProject
Project("{9A19103F-16F7-4668-BE54-9A1E7A4F7556}") = "Herbal3d.CommonEntitiesUtil", "..\HerbalCommonEntitiesCS\CommonEntitiesUtil\Herbal3d.CommonEntitiesUtil.csproj", "{986BC69C-B116-462A-80C7-9FC3236FD38F}"
EndProject
Project("{9A19103F-16F7-4668-BE54-9A1E7A4F7556}") = "OMV.Pieces", "..\HerbalCommonEntitiesCS\OMV.Pieces\OMV.Pieces.csproj", "{CB288531-DE0A-4BE5-A7D4-C79EA59CD64F}"
EndProject
Project("{9A19103F-16F7-4668-BE54-9A1E7A4F7556}") = "Herbal3d.HerbalTransportCS", "..\HerbalTransportCS\HerbalTransportCS\Herbal3d.HerbalTransportCS.csproj", "{01A77AA5-D800-4F77-AD85-B5C9E8155C50}"
EndProject
Project("{9A19103F-16F7-4668-BE54-9A1E7A4F7556}") = "BasilX.Items", "BasilX.Items\BasilX.Items.csproj", "{07AF45C0-B99E-4534-8D7C-45B82906D0B9}"
EndProject
Project("{9A19103F-16F7-4668-BE54-9A1E7A4F7556}") = "BasilX.Util", "BasilX.Util\BasilX.Util.csproj", "{6F8960A4-D8C2-4473-914D-01ED46796CDF}"
EndProject
Project("{FAE04EC0-301F-11D3-BF4B-00C04F79EFBC}") = "BasilX.Graphics", "BasilX.Graphics\BasilX.Graphics.csproj", "{3BFE3A6B-8E71-48EA-8BB1-6809994E1373}"
EndProject
Project("{FAE04EC0-301F-11D3-BF4B-00C04F79EFBC}") = "BasilX.Comm", "BasilX.Comm\BasilX.Comm.csproj", "{DB8A4A99-94D7-4C25-9FC5-A22F28A78A1A}"
EndProject
Global
	GlobalSection(SolutionConfigurationPlatforms) = preSolution
		Debug|Any CPU = Debug|Any CPU
		Release|Any CPU = Release|Any CPU
	EndGlobalSection
	GlobalSection(ProjectConfigurationPlatforms) = postSolution
		{D05651FE-3AD0-47C0-B2DC-370FC9F702B2}.Debug|Any CPU.ActiveCfg = Debug|Any CPU
		{D05651FE-3AD0-47C0-B2DC-370FC9F702B2}.Debug|Any CPU.Build.0 = Debug|Any CPU
		{D05651FE-3AD0-47C0-B2DC-370FC9F702B2}.Release|Any CPU.ActiveCfg = Release|Any CPU
		{D05651FE-3AD0-47C0-B2DC-370FC9F702B2}.Release|Any CPU.Build.0 = Release|Any CPU
		{986BC69C-B116-462A-80C7-9FC3236FD38F}.Debug|Any CPU.ActiveCfg = Debug|Any CPU
		{986BC69C-B116-462A-80C7-9FC3236FD38F}.Debug|Any CPU.Build.0 = Debug|Any CPU
		{986BC69C-B116-462A-80C7-9FC3236FD38F}.Release|Any CPU.ActiveCfg = Release|Any CPU
		{986BC69C-B116-462A-80C7-9FC3236FD38F}.Release|Any CPU.Build.0 = Release|Any CPU
		{CB288531-DE0A-4BE5-A7D4-C79EA59CD64F}.Debug|Any CPU.ActiveCfg = Debug|Any CPU
		{CB288531-DE0A-4BE5-A7D4-C79EA59CD64F}.Debug|Any CPU.Build.0 = Debug|Any CPU
		{CB288531-DE0A-4BE5-A7D4-C79EA59CD64F}.Release|Any CPU.ActiveCfg = Release|Any CPU
		{CB288531-DE0A-4BE5-A7D4-C79EA59CD64F}.Release|Any CPU.Build.0 = Release|Any CPU
		{01A77AA5-D800-4F77-AD85-B5C9E8155C50}.Debug|Any CPU.ActiveCfg = Debug|Any CPU
		{01A77AA5-D800-4F77-AD85-B5C9E8155C50}.Debug|Any CPU.Build.0 = Debug|Any CPU
		{01A77AA5-D800-4F77-AD85-B5C9E8155C50}.Release|Any CPU.ActiveCfg = Release|Any CPU
		{01A77AA5-D800-4F77-AD85-B5C9E8155C50}.Release|Any CPU.Build.0 = Release|Any CPU
		{07AF45C0-B99E-4534-8D7C-45B82906D0B9}.Debug|Any CPU.ActiveCfg = Debug|Any CPU
		{07AF45C0-B99E-4534-8D7C-45B82906D0B9}.Debug|Any CPU.Build.0 = Debug|Any CPU
		{07AF45C0-B99E-4534-8D7C-45B82906D0B9}.Release|Any CPU.ActiveCfg = Release|Any CPU
		{07AF45C0-B99E-4534-8D7C-45B82906D0B9}.Release|Any CPU.Build.0 = Release|Any CPU
		{6F8960A4-D8C2-4473-914D-01ED46796CDF}.Debug|Any CPU.ActiveCfg = Debug|Any CPU
		{6F8960A4-D8C2-4473-914D-01ED46796CDF}.Debug|Any CPU.Build.0 = Debug|Any CPU
		{6F8960A4-D8C2-4473-914D-01ED46796CDF}.Release|Any CPU.ActiveCfg = Release|Any CPU
		{6F8960A4-D8C2-4473-914D-01ED46796CDF}.Release|Any CPU.Build.0 = Release|Any CPU
		{3BFE3A6B-8E71-48EA-8BB1-6809994E1373}.Debug|Any CPU.ActiveCfg = Debug|Any CPU
		{3BFE3A6B-8E71-48EA-8BB1-6809994E1373}.Debug|Any CPU.Build.0 = Debug|Any CPU
		{3BFE3A6B-8E71-48EA-8BB1-6809994E1373}.Release|Any CPU.ActiveCfg = Release|Any CPU
		{3BFE3A6B-8E71-48EA-8BB1-6809994E1373}.Release|Any CPU.Build.0 = Release|Any CPU
		{DB8A4A99-94D7-4C25-9FC5-A22F28A78A1A}.Debug|Any CPU.ActiveCfg = Debug|Any CPU
		{DB8A4A99-94D7-4C25-9FC5-A22F28A78A1A}.Debug|Any CPU.Build.0 = Debug|Any CPU
		{DB8A4A99-94D7-4C25-9FC5-A22F28A78A1A}.Release|Any CPU.ActiveCfg = Release|Any CPU
		{DB8A4A99-94D7-4C25-9FC5-A22F28A78A1A}.Release|Any CPU.Build.0 = Release|Any CPU
	EndGlobalSection
	GlobalSection(SolutionProperties) = preSolution
		HideSolutionNode = FALSE
	EndGlobalSection
	GlobalSection(ExtensibilityGlobals) = postSolution
		SolutionGuid = {EAF89841-DEE4-4F6E-80C2-1F925C2832D6}
	EndGlobalSection
EndGlobal
