
Microsoft Visual Studio Solution File, Format Version 12.00
# Visual Studio 15
VisualStudioVersion = 15.0.28307.271
MinimumVisualStudioVersion = 10.0.40219.1
Project("{9A19103F-16F7-4668-BE54-9A1E7A4F7556}") = "BasilX", "BasilX\BasilX.csproj", "{D05651FE-3AD0-47C0-B2DC-370FC9F702B2}"
EndProject
Global
	GlobalSection(SolutionConfigurationPlatforms) = preSolution
		Debug|Any CPU = Debug|Any CPU
		Release|Any CPU = Release|Any CPU
	EndGlobalSection
	GlobalSection(ProjectConfigurationPlatforms) = postSolution
		{D05651FE-3AD0-47C0-B2DC-370FC9F702B2}.Debug|Any CPU.ActiveCfg = Debug|Any CPU
		{D05651FE-3AD0-47C0-B2DC-370FC9F702B2}.Debug|Any CPU.Build.0 = Debug|Any CPU
		{D05651FE-3AD0-47C0-B2DC-370FC9F702B2}.Release|Any CPU.ActiveCfg = Release|Any CPU
		{D05651FE-3AD0-47C0-B2DC-370FC9F702B2}.Release|Any CPU.Build.0 = Release|Any CPU
	EndGlobalSection
	GlobalSection(SolutionProperties) = preSolution
		HideSolutionNode = FALSE
	EndGlobalSection
	GlobalSection(ExtensibilityGlobals) = postSolution
		SolutionGuid = {EAF89841-DEE4-4F6E-80C2-1F925C2832D6}
	EndGlobalSection
EndGlobal
